
Microsoft Visual Studio Solution File, Format Version 12.00
# Visual Studio Version 16
VisualStudioVersion = 25.0.1706.8
MinimumVisualStudioVersion = 10.0.40219.1
Project("{2150E333-8FDC-42A3-9474-1A3956D46DE8}") = "Services", "Services", "{B7005D96-888E-4AE9-8829-37062EF079FF}"
EndProject
Project("{2150E333-8FDC-42A3-9474-1A3956D46DE8}") = "Catalog", "Catalog", "{FA39705E-AD4E-405A-BE78-1BCEEFD16DEE}"
EndProject
Project("{FAE04EC0-301F-11D3-BF4B-00C04F79EFBC}") = "FreeCourse.Services.Catalog", "Services\Catalog\FreeCourse.Services.Catalog\FreeCourse.Services.Catalog.csproj", "{A5EFAC6D-FEA0-4175-8574-FB146A772F03}"
EndProject
Project("{2150E333-8FDC-42A3-9474-1A3956D46DE8}") = "Solution Items", "Solution Items", "{BFD9A9AD-0BE7-4DC6-8B04-15871869EB34}"
	ProjectSection(SolutionItems) = preProject
		Ports.txt = Ports.txt
	EndProjectSection
EndProject
Project("{2150E333-8FDC-42A3-9474-1A3956D46DE8}") = "Shared", "Shared", "{6E4C7A66-4F56-42FE-80F7-C8044426D528}"
EndProject
Project("{FAE04EC0-301F-11D3-BF4B-00C04F79EFBC}") = "FreeCourse.Shared", "Shared\FreeCourse.Shared\FreeCourse.Shared.csproj", "{2A76E89F-3241-4904-99D7-1EAADBDF3B27}"
EndProject
Project("{2150E333-8FDC-42A3-9474-1A3956D46DE8}") = "IdentityServer", "IdentityServer", "{34C89E80-0FBB-42DC-90DB-91E0D1104785}"
EndProject
Project("{FAE04EC0-301F-11D3-BF4B-00C04F79EFBC}") = "FreeCourse.IdentityServer", "IdentityServer\FreeCourse.IdentityServer\FreeCourse.IdentityServer.csproj", "{E03AEF82-CF84-4C0E-ABA4-E0965BB76720}"
EndProject
Global
	GlobalSection(SolutionConfigurationPlatforms) = preSolution
		Debug|Any CPU = Debug|Any CPU
		Release|Any CPU = Release|Any CPU
	EndGlobalSection
	GlobalSection(ProjectConfigurationPlatforms) = postSolution
		{A5EFAC6D-FEA0-4175-8574-FB146A772F03}.Debug|Any CPU.ActiveCfg = Debug|Any CPU
		{A5EFAC6D-FEA0-4175-8574-FB146A772F03}.Debug|Any CPU.Build.0 = Debug|Any CPU
		{A5EFAC6D-FEA0-4175-8574-FB146A772F03}.Release|Any CPU.ActiveCfg = Release|Any CPU
		{A5EFAC6D-FEA0-4175-8574-FB146A772F03}.Release|Any CPU.Build.0 = Release|Any CPU
		{2A76E89F-3241-4904-99D7-1EAADBDF3B27}.Debug|Any CPU.ActiveCfg = Debug|Any CPU
		{2A76E89F-3241-4904-99D7-1EAADBDF3B27}.Debug|Any CPU.Build.0 = Debug|Any CPU
		{2A76E89F-3241-4904-99D7-1EAADBDF3B27}.Release|Any CPU.ActiveCfg = Release|Any CPU
		{2A76E89F-3241-4904-99D7-1EAADBDF3B27}.Release|Any CPU.Build.0 = Release|Any CPU
		{E03AEF82-CF84-4C0E-ABA4-E0965BB76720}.Debug|Any CPU.ActiveCfg = Debug|Any CPU
		{E03AEF82-CF84-4C0E-ABA4-E0965BB76720}.Debug|Any CPU.Build.0 = Debug|Any CPU
		{E03AEF82-CF84-4C0E-ABA4-E0965BB76720}.Release|Any CPU.ActiveCfg = Release|Any CPU
		{E03AEF82-CF84-4C0E-ABA4-E0965BB76720}.Release|Any CPU.Build.0 = Release|Any CPU
	EndGlobalSection
	GlobalSection(SolutionProperties) = preSolution
		HideSolutionNode = FALSE
	EndGlobalSection
	GlobalSection(ExtensibilityGlobals) = postSolution
		SolutionGuid = {C36CD7E0-DE48-4B4B-A412-B0521F304788}
	EndGlobalSection
	GlobalSection(NestedProjects) = preSolution
		{FA39705E-AD4E-405A-BE78-1BCEEFD16DEE} = {B7005D96-888E-4AE9-8829-37062EF079FF}
		{A5EFAC6D-FEA0-4175-8574-FB146A772F03} = {FA39705E-AD4E-405A-BE78-1BCEEFD16DEE}
		{2A76E89F-3241-4904-99D7-1EAADBDF3B27} = {6E4C7A66-4F56-42FE-80F7-C8044426D528}
		{E03AEF82-CF84-4C0E-ABA4-E0965BB76720} = {34C89E80-0FBB-42DC-90DB-91E0D1104785}
	EndGlobalSection
EndGlobal
